
Microsoft Visual Studio Solution File, Format Version 12.00
# Visual Studio Version 16
VisualStudioVersion = 16.0.29920.165
MinimumVisualStudioVersion = 10.0.40219.1
Project("{9A19103F-16F7-4668-BE54-9A1E7A4F7556}") = "ManyMethods", "ConsoleApp1\ManyMethods.csproj", "{F46F104C-9298-498B-B4C1-AD934DD5596F}"
EndProject
Project("{9A19103F-16F7-4668-BE54-9A1E7A4F7556}") = "Pig Latin", "Pig Latin\Pig Latin.csproj", "{6F02761C-46D4-47DE-A836-0B561DA80F98}"
EndProject
Project("{9A19103F-16F7-4668-BE54-9A1E7A4F7556}") = "RockPaperScissors", "RockPaperScissors\RockPaperScissors.csproj", "{BD6DAAAC-4B21-47E9-ACFF-056F7D6A07E5}"
EndProject
Project("{9A19103F-16F7-4668-BE54-9A1E7A4F7556}") = "TicTacToe", "TicTacToe\TicTacToe.csproj", "{214F9F29-987A-4CDA-BA2E-24784354DE27}"
EndProject
Project("{9A19103F-16F7-4668-BE54-9A1E7A4F7556}") = "FizzBuzz", "FizzBuzz\FizzBuzz.csproj", "{A359F6FD-56F5-4F25-9320-6F65F631BAE1}"
EndProject
Project("{FAE04EC0-301F-11D3-BF4B-00C04F79EFBC}") = "Mastermind", "Mastermind\Mastermind.csproj", "{7031EB96-6FD9-442F-9484-9F33D1500E7D}"
EndProject
Project("{FAE04EC0-301F-11D3-BF4B-00C04F79EFBC}") = "Gradebook", "Gradebook\Gradebook.csproj", "{DCD219FC-FC85-452E-99F1-0941CDA4D227}"
EndProject
Project("{FAE04EC0-301F-11D3-BF4B-00C04F79EFBC}") = "TowersOfHanoi", "TowersOfHanoi\TowersOfHanoi.csproj", "{A87A83A1-CD58-45DB-9729-28550767F5A5}"
EndProject
Global
	GlobalSection(SolutionConfigurationPlatforms) = preSolution
		Debug|Any CPU = Debug|Any CPU
		Release|Any CPU = Release|Any CPU
	EndGlobalSection
	GlobalSection(ProjectConfigurationPlatforms) = postSolution
		{F46F104C-9298-498B-B4C1-AD934DD5596F}.Debug|Any CPU.ActiveCfg = Debug|Any CPU
		{F46F104C-9298-498B-B4C1-AD934DD5596F}.Debug|Any CPU.Build.0 = Debug|Any CPU
		{F46F104C-9298-498B-B4C1-AD934DD5596F}.Release|Any CPU.ActiveCfg = Release|Any CPU
		{F46F104C-9298-498B-B4C1-AD934DD5596F}.Release|Any CPU.Build.0 = Release|Any CPU
		{6F02761C-46D4-47DE-A836-0B561DA80F98}.Debug|Any CPU.ActiveCfg = Debug|Any CPU
		{6F02761C-46D4-47DE-A836-0B561DA80F98}.Debug|Any CPU.Build.0 = Debug|Any CPU
		{6F02761C-46D4-47DE-A836-0B561DA80F98}.Release|Any CPU.ActiveCfg = Release|Any CPU
		{6F02761C-46D4-47DE-A836-0B561DA80F98}.Release|Any CPU.Build.0 = Release|Any CPU
		{BD6DAAAC-4B21-47E9-ACFF-056F7D6A07E5}.Debug|Any CPU.ActiveCfg = Debug|Any CPU
		{BD6DAAAC-4B21-47E9-ACFF-056F7D6A07E5}.Debug|Any CPU.Build.0 = Debug|Any CPU
		{BD6DAAAC-4B21-47E9-ACFF-056F7D6A07E5}.Release|Any CPU.ActiveCfg = Release|Any CPU
		{BD6DAAAC-4B21-47E9-ACFF-056F7D6A07E5}.Release|Any CPU.Build.0 = Release|Any CPU
		{214F9F29-987A-4CDA-BA2E-24784354DE27}.Debug|Any CPU.ActiveCfg = Debug|Any CPU
		{214F9F29-987A-4CDA-BA2E-24784354DE27}.Debug|Any CPU.Build.0 = Debug|Any CPU
		{214F9F29-987A-4CDA-BA2E-24784354DE27}.Release|Any CPU.ActiveCfg = Release|Any CPU
		{214F9F29-987A-4CDA-BA2E-24784354DE27}.Release|Any CPU.Build.0 = Release|Any CPU
		{A359F6FD-56F5-4F25-9320-6F65F631BAE1}.Debug|Any CPU.ActiveCfg = Debug|Any CPU
		{A359F6FD-56F5-4F25-9320-6F65F631BAE1}.Debug|Any CPU.Build.0 = Debug|Any CPU
		{A359F6FD-56F5-4F25-9320-6F65F631BAE1}.Release|Any CPU.ActiveCfg = Release|Any CPU
		{A359F6FD-56F5-4F25-9320-6F65F631BAE1}.Release|Any CPU.Build.0 = Release|Any CPU
		{7031EB96-6FD9-442F-9484-9F33D1500E7D}.Debug|Any CPU.ActiveCfg = Debug|Any CPU
		{7031EB96-6FD9-442F-9484-9F33D1500E7D}.Debug|Any CPU.Build.0 = Debug|Any CPU
		{7031EB96-6FD9-442F-9484-9F33D1500E7D}.Release|Any CPU.ActiveCfg = Release|Any CPU
		{7031EB96-6FD9-442F-9484-9F33D1500E7D}.Release|Any CPU.Build.0 = Release|Any CPU
		{DCD219FC-FC85-452E-99F1-0941CDA4D227}.Debug|Any CPU.ActiveCfg = Debug|Any CPU
		{DCD219FC-FC85-452E-99F1-0941CDA4D227}.Debug|Any CPU.Build.0 = Debug|Any CPU
		{DCD219FC-FC85-452E-99F1-0941CDA4D227}.Release|Any CPU.ActiveCfg = Release|Any CPU
		{DCD219FC-FC85-452E-99F1-0941CDA4D227}.Release|Any CPU.Build.0 = Release|Any CPU
		{A87A83A1-CD58-45DB-9729-28550767F5A5}.Debug|Any CPU.ActiveCfg = Debug|Any CPU
		{A87A83A1-CD58-45DB-9729-28550767F5A5}.Debug|Any CPU.Build.0 = Debug|Any CPU
		{A87A83A1-CD58-45DB-9729-28550767F5A5}.Release|Any CPU.ActiveCfg = Release|Any CPU
		{A87A83A1-CD58-45DB-9729-28550767F5A5}.Release|Any CPU.Build.0 = Release|Any CPU
	EndGlobalSection
	GlobalSection(SolutionProperties) = preSolution
		HideSolutionNode = FALSE
	EndGlobalSection
	GlobalSection(ExtensibilityGlobals) = postSolution
		SolutionGuid = {08BB6759-830D-4499-AD6E-61C1D3588677}
	EndGlobalSection
EndGlobal
