
Microsoft Visual Studio Solution File, Format Version 12.00
# Visual Studio Version 16
VisualStudioVersion = 16.0.29920.165
MinimumVisualStudioVersion = 10.0.40219.1
Project("{9A19103F-16F7-4668-BE54-9A1E7A4F7556}") = "ManyMethods", "ConsoleApp1\ManyMethods.csproj", "{F46F104C-9298-498B-B4C1-AD934DD5596F}"
EndProject
Project("{9A19103F-16F7-4668-BE54-9A1E7A4F7556}") = "Pig Latin", "Pig Latin\Pig Latin.csproj", "{6F02761C-46D4-47DE-A836-0B561DA80F98}"
EndProject
Project("{9A19103F-16F7-4668-BE54-9A1E7A4F7556}") = "RockPaperScissors", "RockPaperScissors\RockPaperScissors.csproj", "{BD6DAAAC-4B21-47E9-ACFF-056F7D6A07E5}"
EndProject
Project("{9A19103F-16F7-4668-BE54-9A1E7A4F7556}") = "TicTacToe", "TicTacToe\TicTacToe.csproj", "{214F9F29-987A-4CDA-BA2E-24784354DE27}"
EndProject
Project("{9A19103F-16F7-4668-BE54-9A1E7A4F7556}") = "FizzBuzz", "FizzBuzz\FizzBuzz.csproj", "{A359F6FD-56F5-4F25-9320-6F65F631BAE1}"
EndProject
Project("{9A19103F-16F7-4668-BE54-9A1E7A4F7556}") = "Mastermind", "Mastermind\Mastermind.csproj", "{7031EB96-6FD9-442F-9484-9F33D1500E7D}"
EndProject
Project("{9A19103F-16F7-4668-BE54-9A1E7A4F7556}") = "Gradebook", "Gradebook\Gradebook.csproj", "{DCD219FC-FC85-452E-99F1-0941CDA4D227}"
EndProject
Project("{9A19103F-16F7-4668-BE54-9A1E7A4F7556}") = "TowersOfHanoi", "TowersOfHanoi\TowersOfHanoi.csproj", "{A87A83A1-CD58-45DB-9729-28550767F5A5}"
EndProject
Project("{9A19103F-16F7-4668-BE54-9A1E7A4F7556}") = "PoCos", "PoCos\PoCos.csproj", "{EC42DEDF-B500-4BAA-BFBF-A94624CA5924}"
EndProject
Project("{9A19103F-16F7-4668-BE54-9A1E7A4F7556}") = "ToDoItem", "ToDoItem\ToDoItem.csproj", "{D37006BB-C6B4-4CB2-A464-709289137BF5}"
EndProject
Project("{9A19103F-16F7-4668-BE54-9A1E7A4F7556}") = "Box_Unbox", "Box_Unbox\Box_Unbox.csproj", "{5F146CD5-C622-410F-B526-8C7766B2CB09}"
EndProject
Project("{9A19103F-16F7-4668-BE54-9A1E7A4F7556}") = "QueryLinq", "QueryLinq\QueryLinq.csproj", "{FC44E51A-E4FA-49E4-8B79-4F07870ADE84}"
EndProject
Project("{9A19103F-16F7-4668-BE54-9A1E7A4F7556}") = "Prompt1", "Prompt1\Prompt1.csproj", "{C4FE9674-08BB-4552-935B-40C4FE51E09F}"
EndProject
Project("{9A19103F-16F7-4668-BE54-9A1E7A4F7556}") = "SupHeroesVillians", "SupHeroesVillians\SupHeroesVillians.csproj", "{CC6DE892-7388-4ECD-9487-A26C4C1014F5}"
EndProject
Project("{9A19103F-16F7-4668-BE54-9A1E7A4F7556}") = "CarLot", "CarLot\CarLot.csproj", "{4C2B61DC-866B-436C-96DB-0E75C433BFAD}"
EndProject
Project("{9A19103F-16F7-4668-BE54-9A1E7A4F7556}") = "IRentable", "IRentable\IRentable.csproj", "{AA58A95F-3B5C-4082-9B37-C1B543E8A467}"
EndProject
Project("{9A19103F-16F7-4668-BE54-9A1E7A4F7556}") = "BubbleSort", "BubbleSort\BubbleSort.csproj", "{0FC8DD72-BC8C-4842-842B-5D0CDCAC6CD3}"
EndProject
Project("{9A19103F-16F7-4668-BE54-9A1E7A4F7556}") = "Checkers", "Checkers\Checkers.csproj", "{3B10E2E2-3CA0-4552-B5FD-E67228C3612F}"
EndProject
Project("{FAE04EC0-301F-11D3-BF4B-00C04F79EFBC}") = "FibonacciSequence", "FibonacciSequence\FibonacciSequence.csproj", "{58999BAA-0D88-4F6F-A0F2-B0E890542F30}"
EndProject
Project("{FAE04EC0-301F-11D3-BF4B-00C04F79EFBC}") = "SumOfMult3_5", "SumOfMult3_5\SumOfMult3_5.csproj", "{DB006074-986D-4E9E-8B00-AC99259D91B9}"
EndProject
Project("{FAE04EC0-301F-11D3-BF4B-00C04F79EFBC}") = "BookInventory", "BookInventory\BookInventory.csproj", "{6FD57D10-FC39-4F3F-BC08-F1B48B701598}"
EndProject
Project("{FAE04EC0-301F-11D3-BF4B-00C04F79EFBC}") = "StudentDBTest", "StudentDBTest\StudentDBTest.csproj", "{D2CA4CE4-1F0D-47EA-834D-2A71DA524D51}"
EndProject
Global
	GlobalSection(SolutionConfigurationPlatforms) = preSolution
		Debug|Any CPU = Debug|Any CPU
		Release|Any CPU = Release|Any CPU
	EndGlobalSection
	GlobalSection(ProjectConfigurationPlatforms) = postSolution
		{F46F104C-9298-498B-B4C1-AD934DD5596F}.Debug|Any CPU.ActiveCfg = Debug|Any CPU
		{F46F104C-9298-498B-B4C1-AD934DD5596F}.Debug|Any CPU.Build.0 = Debug|Any CPU
		{F46F104C-9298-498B-B4C1-AD934DD5596F}.Release|Any CPU.ActiveCfg = Release|Any CPU
		{F46F104C-9298-498B-B4C1-AD934DD5596F}.Release|Any CPU.Build.0 = Release|Any CPU
		{6F02761C-46D4-47DE-A836-0B561DA80F98}.Debug|Any CPU.ActiveCfg = Debug|Any CPU
		{6F02761C-46D4-47DE-A836-0B561DA80F98}.Debug|Any CPU.Build.0 = Debug|Any CPU
		{6F02761C-46D4-47DE-A836-0B561DA80F98}.Release|Any CPU.ActiveCfg = Release|Any CPU
		{6F02761C-46D4-47DE-A836-0B561DA80F98}.Release|Any CPU.Build.0 = Release|Any CPU
		{BD6DAAAC-4B21-47E9-ACFF-056F7D6A07E5}.Debug|Any CPU.ActiveCfg = Debug|Any CPU
		{BD6DAAAC-4B21-47E9-ACFF-056F7D6A07E5}.Debug|Any CPU.Build.0 = Debug|Any CPU
		{BD6DAAAC-4B21-47E9-ACFF-056F7D6A07E5}.Release|Any CPU.ActiveCfg = Release|Any CPU
		{BD6DAAAC-4B21-47E9-ACFF-056F7D6A07E5}.Release|Any CPU.Build.0 = Release|Any CPU
		{214F9F29-987A-4CDA-BA2E-24784354DE27}.Debug|Any CPU.ActiveCfg = Debug|Any CPU
		{214F9F29-987A-4CDA-BA2E-24784354DE27}.Debug|Any CPU.Build.0 = Debug|Any CPU
		{214F9F29-987A-4CDA-BA2E-24784354DE27}.Release|Any CPU.ActiveCfg = Release|Any CPU
		{214F9F29-987A-4CDA-BA2E-24784354DE27}.Release|Any CPU.Build.0 = Release|Any CPU
		{A359F6FD-56F5-4F25-9320-6F65F631BAE1}.Debug|Any CPU.ActiveCfg = Debug|Any CPU
		{A359F6FD-56F5-4F25-9320-6F65F631BAE1}.Debug|Any CPU.Build.0 = Debug|Any CPU
		{A359F6FD-56F5-4F25-9320-6F65F631BAE1}.Release|Any CPU.ActiveCfg = Release|Any CPU
		{A359F6FD-56F5-4F25-9320-6F65F631BAE1}.Release|Any CPU.Build.0 = Release|Any CPU
		{7031EB96-6FD9-442F-9484-9F33D1500E7D}.Debug|Any CPU.ActiveCfg = Debug|Any CPU
		{7031EB96-6FD9-442F-9484-9F33D1500E7D}.Debug|Any CPU.Build.0 = Debug|Any CPU
		{7031EB96-6FD9-442F-9484-9F33D1500E7D}.Release|Any CPU.ActiveCfg = Release|Any CPU
		{7031EB96-6FD9-442F-9484-9F33D1500E7D}.Release|Any CPU.Build.0 = Release|Any CPU
		{DCD219FC-FC85-452E-99F1-0941CDA4D227}.Debug|Any CPU.ActiveCfg = Debug|Any CPU
		{DCD219FC-FC85-452E-99F1-0941CDA4D227}.Debug|Any CPU.Build.0 = Debug|Any CPU
		{DCD219FC-FC85-452E-99F1-0941CDA4D227}.Release|Any CPU.ActiveCfg = Release|Any CPU
		{DCD219FC-FC85-452E-99F1-0941CDA4D227}.Release|Any CPU.Build.0 = Release|Any CPU
		{A87A83A1-CD58-45DB-9729-28550767F5A5}.Debug|Any CPU.ActiveCfg = Debug|Any CPU
		{A87A83A1-CD58-45DB-9729-28550767F5A5}.Debug|Any CPU.Build.0 = Debug|Any CPU
		{A87A83A1-CD58-45DB-9729-28550767F5A5}.Release|Any CPU.ActiveCfg = Release|Any CPU
		{A87A83A1-CD58-45DB-9729-28550767F5A5}.Release|Any CPU.Build.0 = Release|Any CPU
		{EC42DEDF-B500-4BAA-BFBF-A94624CA5924}.Debug|Any CPU.ActiveCfg = Debug|Any CPU
		{EC42DEDF-B500-4BAA-BFBF-A94624CA5924}.Debug|Any CPU.Build.0 = Debug|Any CPU
		{EC42DEDF-B500-4BAA-BFBF-A94624CA5924}.Release|Any CPU.ActiveCfg = Release|Any CPU
		{EC42DEDF-B500-4BAA-BFBF-A94624CA5924}.Release|Any CPU.Build.0 = Release|Any CPU
		{D37006BB-C6B4-4CB2-A464-709289137BF5}.Debug|Any CPU.ActiveCfg = Debug|Any CPU
		{D37006BB-C6B4-4CB2-A464-709289137BF5}.Debug|Any CPU.Build.0 = Debug|Any CPU
		{D37006BB-C6B4-4CB2-A464-709289137BF5}.Release|Any CPU.ActiveCfg = Release|Any CPU
		{D37006BB-C6B4-4CB2-A464-709289137BF5}.Release|Any CPU.Build.0 = Release|Any CPU
		{5F146CD5-C622-410F-B526-8C7766B2CB09}.Debug|Any CPU.ActiveCfg = Debug|Any CPU
		{5F146CD5-C622-410F-B526-8C7766B2CB09}.Debug|Any CPU.Build.0 = Debug|Any CPU
		{5F146CD5-C622-410F-B526-8C7766B2CB09}.Release|Any CPU.ActiveCfg = Release|Any CPU
		{5F146CD5-C622-410F-B526-8C7766B2CB09}.Release|Any CPU.Build.0 = Release|Any CPU
		{FC44E51A-E4FA-49E4-8B79-4F07870ADE84}.Debug|Any CPU.ActiveCfg = Debug|Any CPU
		{FC44E51A-E4FA-49E4-8B79-4F07870ADE84}.Debug|Any CPU.Build.0 = Debug|Any CPU
		{FC44E51A-E4FA-49E4-8B79-4F07870ADE84}.Release|Any CPU.ActiveCfg = Release|Any CPU
		{FC44E51A-E4FA-49E4-8B79-4F07870ADE84}.Release|Any CPU.Build.0 = Release|Any CPU
		{C4FE9674-08BB-4552-935B-40C4FE51E09F}.Debug|Any CPU.ActiveCfg = Debug|Any CPU
		{C4FE9674-08BB-4552-935B-40C4FE51E09F}.Debug|Any CPU.Build.0 = Debug|Any CPU
		{C4FE9674-08BB-4552-935B-40C4FE51E09F}.Release|Any CPU.ActiveCfg = Release|Any CPU
		{C4FE9674-08BB-4552-935B-40C4FE51E09F}.Release|Any CPU.Build.0 = Release|Any CPU
		{CC6DE892-7388-4ECD-9487-A26C4C1014F5}.Debug|Any CPU.ActiveCfg = Debug|Any CPU
		{CC6DE892-7388-4ECD-9487-A26C4C1014F5}.Debug|Any CPU.Build.0 = Debug|Any CPU
		{CC6DE892-7388-4ECD-9487-A26C4C1014F5}.Release|Any CPU.ActiveCfg = Release|Any CPU
		{CC6DE892-7388-4ECD-9487-A26C4C1014F5}.Release|Any CPU.Build.0 = Release|Any CPU
		{4C2B61DC-866B-436C-96DB-0E75C433BFAD}.Debug|Any CPU.ActiveCfg = Debug|Any CPU
		{4C2B61DC-866B-436C-96DB-0E75C433BFAD}.Debug|Any CPU.Build.0 = Debug|Any CPU
		{4C2B61DC-866B-436C-96DB-0E75C433BFAD}.Release|Any CPU.ActiveCfg = Release|Any CPU
		{4C2B61DC-866B-436C-96DB-0E75C433BFAD}.Release|Any CPU.Build.0 = Release|Any CPU
		{AA58A95F-3B5C-4082-9B37-C1B543E8A467}.Debug|Any CPU.ActiveCfg = Debug|Any CPU
		{AA58A95F-3B5C-4082-9B37-C1B543E8A467}.Debug|Any CPU.Build.0 = Debug|Any CPU
		{AA58A95F-3B5C-4082-9B37-C1B543E8A467}.Release|Any CPU.ActiveCfg = Release|Any CPU
		{AA58A95F-3B5C-4082-9B37-C1B543E8A467}.Release|Any CPU.Build.0 = Release|Any CPU
		{0FC8DD72-BC8C-4842-842B-5D0CDCAC6CD3}.Debug|Any CPU.ActiveCfg = Debug|Any CPU
		{0FC8DD72-BC8C-4842-842B-5D0CDCAC6CD3}.Debug|Any CPU.Build.0 = Debug|Any CPU
		{0FC8DD72-BC8C-4842-842B-5D0CDCAC6CD3}.Release|Any CPU.ActiveCfg = Release|Any CPU
		{0FC8DD72-BC8C-4842-842B-5D0CDCAC6CD3}.Release|Any CPU.Build.0 = Release|Any CPU
		{3B10E2E2-3CA0-4552-B5FD-E67228C3612F}.Debug|Any CPU.ActiveCfg = Debug|Any CPU
		{3B10E2E2-3CA0-4552-B5FD-E67228C3612F}.Debug|Any CPU.Build.0 = Debug|Any CPU
		{3B10E2E2-3CA0-4552-B5FD-E67228C3612F}.Release|Any CPU.ActiveCfg = Release|Any CPU
		{3B10E2E2-3CA0-4552-B5FD-E67228C3612F}.Release|Any CPU.Build.0 = Release|Any CPU
		{58999BAA-0D88-4F6F-A0F2-B0E890542F30}.Debug|Any CPU.ActiveCfg = Debug|Any CPU
		{58999BAA-0D88-4F6F-A0F2-B0E890542F30}.Debug|Any CPU.Build.0 = Debug|Any CPU
		{58999BAA-0D88-4F6F-A0F2-B0E890542F30}.Release|Any CPU.ActiveCfg = Release|Any CPU
		{58999BAA-0D88-4F6F-A0F2-B0E890542F30}.Release|Any CPU.Build.0 = Release|Any CPU
		{DB006074-986D-4E9E-8B00-AC99259D91B9}.Debug|Any CPU.ActiveCfg = Debug|Any CPU
		{DB006074-986D-4E9E-8B00-AC99259D91B9}.Debug|Any CPU.Build.0 = Debug|Any CPU
		{DB006074-986D-4E9E-8B00-AC99259D91B9}.Release|Any CPU.ActiveCfg = Release|Any CPU
		{DB006074-986D-4E9E-8B00-AC99259D91B9}.Release|Any CPU.Build.0 = Release|Any CPU
		{6FD57D10-FC39-4F3F-BC08-F1B48B701598}.Debug|Any CPU.ActiveCfg = Debug|Any CPU
		{6FD57D10-FC39-4F3F-BC08-F1B48B701598}.Debug|Any CPU.Build.0 = Debug|Any CPU
		{6FD57D10-FC39-4F3F-BC08-F1B48B701598}.Release|Any CPU.ActiveCfg = Release|Any CPU
		{6FD57D10-FC39-4F3F-BC08-F1B48B701598}.Release|Any CPU.Build.0 = Release|Any CPU
		{D2CA4CE4-1F0D-47EA-834D-2A71DA524D51}.Debug|Any CPU.ActiveCfg = Debug|Any CPU
		{D2CA4CE4-1F0D-47EA-834D-2A71DA524D51}.Debug|Any CPU.Build.0 = Debug|Any CPU
		{D2CA4CE4-1F0D-47EA-834D-2A71DA524D51}.Release|Any CPU.ActiveCfg = Release|Any CPU
		{D2CA4CE4-1F0D-47EA-834D-2A71DA524D51}.Release|Any CPU.Build.0 = Release|Any CPU
	EndGlobalSection
	GlobalSection(SolutionProperties) = preSolution
		HideSolutionNode = FALSE
	EndGlobalSection
	GlobalSection(ExtensibilityGlobals) = postSolution
		SolutionGuid = {08BB6759-830D-4499-AD6E-61C1D3588677}
	EndGlobalSection
EndGlobal
